
Microsoft Visual Studio Solution File, Format Version 12.00
# Visual Studio 15
VisualStudioVersion = 15.0.28307.329
MinimumVisualStudioVersion = 10.0.40219.1
Project("{FAE04EC0-301F-11D3-BF4B-00C04F79EFBC}") = "NotificationHubApiCore", "NotificationHubApiCore\NotificationHubApiCore.csproj", "{FB8F2742-D06E-484D-8A38-905EEB393060}"
EndProject
Global
	GlobalSection(SolutionConfigurationPlatforms) = preSolution
		Debug|Any CPU = Debug|Any CPU
		Release|Any CPU = Release|Any CPU
	EndGlobalSection
	GlobalSection(ProjectConfigurationPlatforms) = postSolution
		{FB8F2742-D06E-484D-8A38-905EEB393060}.Debug|Any CPU.ActiveCfg = Debug|Any CPU
		{FB8F2742-D06E-484D-8A38-905EEB393060}.Debug|Any CPU.Build.0 = Debug|Any CPU
		{FB8F2742-D06E-484D-8A38-905EEB393060}.Release|Any CPU.ActiveCfg = Release|Any CPU
		{FB8F2742-D06E-484D-8A38-905EEB393060}.Release|Any CPU.Build.0 = Release|Any CPU
	EndGlobalSection
	GlobalSection(SolutionProperties) = preSolution
		HideSolutionNode = FALSE
	EndGlobalSection
	GlobalSection(ExtensibilityGlobals) = postSolution
		SolutionGuid = {549E21FD-D919-4BF7-BA06-0B8BBB2F1FF4}
	EndGlobalSection
EndGlobal
